// !$*UTF8*$!
{
	archiveVersion = 1;
	classes = {
	};
	objectVersion = 50;
	objects = {

/* Begin PBXBuildFile section */
		53D98E2A234B9DFD00B97D14 /* AppDelegate.swift in Sources */ = {isa = PBXBuildFile; fileRef = 53D98E29234B9DFD00B97D14 /* AppDelegate.swift */; };
		53D98E2C234B9DFD00B97D14 /* ViewController.swift in Sources */ = {isa = PBXBuildFile; fileRef = 53D98E2B234B9DFD00B97D14 /* ViewController.swift */; };
		53D98E2F234B9DFD00B97D14 /* Main.storyboard in Resources */ = {isa = PBXBuildFile; fileRef = 53D98E2D234B9DFD00B97D14 /* Main.storyboard */; };
		53D98E31234B9DFE00B97D14 /* Assets.xcassets in Resources */ = {isa = PBXBuildFile; fileRef = 53D98E30234B9DFE00B97D14 /* Assets.xcassets */; };
		53D98E34234B9DFE00B97D14 /* LaunchScreen.storyboard in Resources */ = {isa = PBXBuildFile; fileRef = 53D98E32234B9DFE00B97D14 /* LaunchScreen.storyboard */; };
		53D98E3F234B9DFE00B97D14 /* FizzBuzzTests.swift in Sources */ = {isa = PBXBuildFile; fileRef = 53D98E3E234B9DFE00B97D14 /* FizzBuzzTests.swift */; };
		53D98E4A234B9DFE00B97D14 /* FizzBuzzUITests.swift in Sources */ = {isa = PBXBuildFile; fileRef = 53D98E49234B9DFE00B97D14 /* FizzBuzzUITests.swift */; };
/* End PBXBuildFile section */

/* Begin PBXContainerItemProxy section */
		53D98E3B234B9DFE00B97D14 /* PBXContainerItemProxy */ = {
			isa = PBXContainerItemProxy;
			containerPortal = 53D98E1E234B9DFD00B97D14 /* Project object */;
			proxyType = 1;
			remoteGlobalIDString = 53D98E25234B9DFD00B97D14;
			remoteInfo = FizzBuzz;
		};
		53D98E46234B9DFE00B97D14 /* PBXContainerItemProxy */ = {
			isa = PBXContainerItemProxy;
			containerPortal = 53D98E1E234B9DFD00B97D14 /* Project object */;
			proxyType = 1;
			remoteGlobalIDString = 53D98E25234B9DFD00B97D14;
			remoteInfo = FizzBuzz;
		};
/* End PBXContainerItemProxy section */

/* Begin PBXFileReference section */
		53D98E26234B9DFD00B97D14 /* FizzBuzz.app */ = {isa = PBXFileReference; explicitFileType = wrapper.application; includeInIndex = 0; path = FizzBuzz.app; sourceTree = BUILT_PRODUCTS_DIR; };
		53D98E29234B9DFD00B97D14 /* AppDelegate.swift */ = {isa = PBXFileReference; lastKnownFileType = sourcecode.swift; path = AppDelegate.swift; sourceTree = "<group>"; };
		53D98E2B234B9DFD00B97D14 /* ViewController.swift */ = {isa = PBXFileReference; lastKnownFileType = sourcecode.swift; path = ViewController.swift; sourceTree = "<group>"; };
		53D98E2E234B9DFD00B97D14 /* Base */ = {isa = PBXFileReference; lastKnownFileType = file.storyboard; name = Base; path = Base.lproj/Main.storyboard; sourceTree = "<group>"; };
		53D98E30234B9DFE00B97D14 /* Assets.xcassets */ = {isa = PBXFileReference; lastKnownFileType = folder.assetcatalog; path = Assets.xcassets; sourceTree = "<group>"; };
		53D98E33234B9DFE00B97D14 /* Base */ = {isa = PBXFileReference; lastKnownFileType = file.storyboard; name = Base; path = Base.lproj/LaunchScreen.storyboard; sourceTree = "<group>"; };
		53D98E35234B9DFE00B97D14 /* Info.plist */ = {isa = PBXFileReference; lastKnownFileType = text.plist.xml; path = Info.plist; sourceTree = "<group>"; };
		53D98E3A234B9DFE00B97D14 /* FizzBuzzTests.xctest */ = {isa = PBXFileReference; explicitFileType = wrapper.cfbundle; includeInIndex = 0; path = FizzBuzzTests.xctest; sourceTree = BUILT_PRODUCTS_DIR; };
		53D98E3E234B9DFE00B97D14 /* FizzBuzzTests.swift */ = {isa = PBXFileReference; lastKnownFileType = sourcecode.swift; path = FizzBuzzTests.swift; sourceTree = "<group>"; };
		53D98E40234B9DFE00B97D14 /* Info.plist */ = {isa = PBXFileReference; lastKnownFileType = text.plist.xml; path = Info.plist; sourceTree = "<group>"; };
		53D98E45234B9DFE00B97D14 /* FizzBuzzUITests.xctest */ = {isa = PBXFileReference; explicitFileType = wrapper.cfbundle; includeInIndex = 0; path = FizzBuzzUITests.xctest; sourceTree = BUILT_PRODUCTS_DIR; };
		53D98E49234B9DFE00B97D14 /* FizzBuzzUITests.swift */ = {isa = PBXFileReference; lastKnownFileType = sourcecode.swift; path = FizzBuzzUITests.swift; sourceTree = "<group>"; };
		53D98E4B234B9DFE00B97D14 /* Info.plist */ = {isa = PBXFileReference; lastKnownFileType = text.plist.xml; path = Info.plist; sourceTree = "<group>"; };
/* End PBXFileReference section */

/* Begin PBXFrameworksBuildPhase section */
		53D98E23234B9DFD00B97D14 /* Frameworks */ = {
			isa = PBXFrameworksBuildPhase;
			buildActionMask = 2147483647;
			files = (
			);
			runOnlyForDeploymentPostprocessing = 0;
		};
		53D98E37234B9DFE00B97D14 /* Frameworks */ = {
			isa = PBXFrameworksBuildPhase;
			buildActionMask = 2147483647;
			files = (
			);
			runOnlyForDeploymentPostprocessing = 0;
		};
		53D98E42234B9DFE00B97D14 /* Frameworks */ = {
			isa = PBXFrameworksBuildPhase;
			buildActionMask = 2147483647;
			files = (
			);
			runOnlyForDeploymentPostprocessing = 0;
		};
/* End PBXFrameworksBuildPhase section */

/* Begin PBXGroup section */
		53D98E1D234B9DFD00B97D14 = {
			isa = PBXGroup;
			children = (
				53D98E28234B9DFD00B97D14 /* FizzBuzz */,
				53D98E3D234B9DFE00B97D14 /* FizzBuzzTests */,
				53D98E48234B9DFE00B97D14 /* FizzBuzzUITests */,
				53D98E27234B9DFD00B97D14 /* Products */,
			);
			sourceTree = "<group>";
		};
		53D98E27234B9DFD00B97D14 /* Products */ = {
			isa = PBXGroup;
			children = (
				53D98E26234B9DFD00B97D14 /* FizzBuzz.app */,
				53D98E3A234B9DFE00B97D14 /* FizzBuzzTests.xctest */,
				53D98E45234B9DFE00B97D14 /* FizzBuzzUITests.xctest */,
			);
			name = Products;
			sourceTree = "<group>";
		};
		53D98E28234B9DFD00B97D14 /* FizzBuzz */ = {
			isa = PBXGroup;
			children = (
				53D98E29234B9DFD00B97D14 /* AppDelegate.swift */,
				53D98E2B234B9DFD00B97D14 /* ViewController.swift */,
				53D98E2D234B9DFD00B97D14 /* Main.storyboard */,
				53D98E30234B9DFE00B97D14 /* Assets.xcassets */,
				53D98E32234B9DFE00B97D14 /* LaunchScreen.storyboard */,
				53D98E35234B9DFE00B97D14 /* Info.plist */,
			);
			path = FizzBuzz;
			sourceTree = "<group>";
		};
		53D98E3D234B9DFE00B97D14 /* FizzBuzzTests */ = {
			isa = PBXGroup;
			children = (
				53D98E3E234B9DFE00B97D14 /* FizzBuzzTests.swift */,
				53D98E40234B9DFE00B97D14 /* Info.plist */,
			);
			path = FizzBuzzTests;
			sourceTree = "<group>";
		};
		53D98E48234B9DFE00B97D14 /* FizzBuzzUITests */ = {
			isa = PBXGroup;
			children = (
				53D98E49234B9DFE00B97D14 /* FizzBuzzUITests.swift */,
				53D98E4B234B9DFE00B97D14 /* Info.plist */,
			);
			path = FizzBuzzUITests;
			sourceTree = "<group>";
		};
/* End PBXGroup section */

/* Begin PBXNativeTarget section */
		53D98E25234B9DFD00B97D14 /* FizzBuzz */ = {
			isa = PBXNativeTarget;
			buildConfigurationList = 53D98E4E234B9DFF00B97D14 /* Build configuration list for PBXNativeTarget "FizzBuzz" */;
			buildPhases = (
				53D98E22234B9DFD00B97D14 /* Sources */,
				53D98E23234B9DFD00B97D14 /* Frameworks */,
				53D98E24234B9DFD00B97D14 /* Resources */,
			);
			buildRules = (
			);
			dependencies = (
			);
			name = FizzBuzz;
			productName = FizzBuzz;
			productReference = 53D98E26234B9DFD00B97D14 /* FizzBuzz.app */;
			productType = "com.apple.product-type.application";
		};
		53D98E39234B9DFE00B97D14 /* FizzBuzzTests */ = {
			isa = PBXNativeTarget;
			buildConfigurationList = 53D98E51234B9DFF00B97D14 /* Build configuration list for PBXNativeTarget "FizzBuzzTests" */;
			buildPhases = (
				53D98E36234B9DFE00B97D14 /* Sources */,
				53D98E37234B9DFE00B97D14 /* Frameworks */,
				53D98E38234B9DFE00B97D14 /* Resources */,
			);
			buildRules = (
			);
			dependencies = (
				53D98E3C234B9DFE00B97D14 /* PBXTargetDependency */,
			);
			name = FizzBuzzTests;
			productName = FizzBuzzTests;
			productReference = 53D98E3A234B9DFE00B97D14 /* FizzBuzzTests.xctest */;
			productType = "com.apple.product-type.bundle.unit-test";
		};
		53D98E44234B9DFE00B97D14 /* FizzBuzzUITests */ = {
			isa = PBXNativeTarget;
			buildConfigurationList = 53D98E54234B9DFF00B97D14 /* Build configuration list for PBXNativeTarget "FizzBuzzUITests" */;
			buildPhases = (
				53D98E41234B9DFE00B97D14 /* Sources */,
				53D98E42234B9DFE00B97D14 /* Frameworks */,
				53D98E43234B9DFE00B97D14 /* Resources */,
			);
			buildRules = (
			);
			dependencies = (
				53D98E47234B9DFE00B97D14 /* PBXTargetDependency */,
			);
			name = FizzBuzzUITests;
			productName = FizzBuzzUITests;
			productReference = 53D98E45234B9DFE00B97D14 /* FizzBuzzUITests.xctest */;
			productType = "com.apple.product-type.bundle.ui-testing";
		};
/* End PBXNativeTarget section */

/* Begin PBXProject section */
		53D98E1E234B9DFD00B97D14 /* Project object */ = {
			isa = PBXProject;
			attributes = {
				LastSwiftUpdateCheck = 0940;
				LastUpgradeCheck = 0940;
				ORGANIZATIONNAME = "Jacob Chappell";
				TargetAttributes = {
					53D98E25234B9DFD00B97D14 = {
						CreatedOnToolsVersion = 9.4.1;
					};
					53D98E39234B9DFE00B97D14 = {
						CreatedOnToolsVersion = 9.4.1;
						TestTargetID = 53D98E25234B9DFD00B97D14;
					};
					53D98E44234B9DFE00B97D14 = {
						CreatedOnToolsVersion = 9.4.1;
						TestTargetID = 53D98E25234B9DFD00B97D14;
					};
				};
			};
			buildConfigurationList = 53D98E21234B9DFD00B97D14 /* Build configuration list for PBXProject "FizzBuzz" */;
			compatibilityVersion = "Xcode 9.3";
			developmentRegion = en;
			hasScannedForEncodings = 0;
			knownRegions = (
				en,
				Base,
			);
			mainGroup = 53D98E1D234B9DFD00B97D14;
			productRefGroup = 53D98E27234B9DFD00B97D14 /* Products */;
			projectDirPath = "";
			projectRoot = "";
			targets = (
				53D98E25234B9DFD00B97D14 /* FizzBuzz */,
				53D98E39234B9DFE00B97D14 /* FizzBuzzTests */,
				53D98E44234B9DFE00B97D14 /* FizzBuzzUITests */,
			);
		};
/* End PBXProject section */

/* Begin PBXResourcesBuildPhase section */
		53D98E24234B9DFD00B97D14 /* Resources */ = {
			isa = PBXResourcesBuildPhase;
			buildActionMask = 2147483647;
			files = (
				53D98E34234B9DFE00B97D14 /* LaunchScreen.storyboard in Resources */,
				53D98E31234B9DFE00B97D14 /* Assets.xcassets in Resources */,
				53D98E2F234B9DFD00B97D14 /* Main.storyboard in Resources */,
			);
			runOnlyForDeploymentPostprocessing = 0;
		};
		53D98E38234B9DFE00B97D14 /* Resources */ = {
			isa = PBXResourcesBuildPhase;
			buildActionMask = 2147483647;
			files = (
			);
			runOnlyForDeploymentPostprocessing = 0;
		};
		53D98E43234B9DFE00B97D14 /* Resources */ = {
			isa = PBXResourcesBuildPhase;
			buildActionMask = 2147483647;
			files = (
			);
			runOnlyForDeploymentPostprocessing = 0;
		};
/* End PBXResourcesBuildPhase section */

/* Begin PBXSourcesBuildPhase section */
		53D98E22234B9DFD00B97D14 /* Sources */ = {
			isa = PBXSourcesBuildPhase;
			buildActionMask = 2147483647;
			files = (
				53D98E2C234B9DFD00B97D14 /* ViewController.swift in Sources */,
				53D98E2A234B9DFD00B97D14 /* AppDelegate.swift in Sources */,
			);
			runOnlyForDeploymentPostprocessing = 0;
		};
		53D98E36234B9DFE00B97D14 /* Sources */ = {
			isa = PBXSourcesBuildPhase;
			buildActionMask = 2147483647;
			files = (
				53D98E3F234B9DFE00B97D14 /* FizzBuzzTests.swift in Sources */,
			);
			runOnlyForDeploymentPostprocessing = 0;
		};
		53D98E41234B9DFE00B97D14 /* Sources */ = {
			isa = PBXSourcesBuildPhase;
			buildActionMask = 2147483647;
			files = (
				53D98E4A234B9DFE00B97D14 /* FizzBuzzUITests.swift in Sources */,
			);
			runOnlyForDeploymentPostprocessing = 0;
		};
/* End PBXSourcesBuildPhase section */

/* Begin PBXTargetDependency section */
		53D98E3C234B9DFE00B97D14 /* PBXTargetDependency */ = {
			isa = PBXTargetDependency;
			target = 53D98E25234B9DFD00B97D14 /* FizzBuzz */;
			targetProxy = 53D98E3B234B9DFE00B97D14 /* PBXContainerItemProxy */;
		};
		53D98E47234B9DFE00B97D14 /* PBXTargetDependency */ = {
			isa = PBXTargetDependency;
			target = 53D98E25234B9DFD00B97D14 /* FizzBuzz */;
			targetProxy = 53D98E46234B9DFE00B97D14 /* PBXContainerItemProxy */;
		};
/* End PBXTargetDependency section */

/* Begin PBXVariantGroup section */
		53D98E2D234B9DFD00B97D14 /* Main.storyboard */ = {
			isa = PBXVariantGroup;
			children = (
				53D98E2E234B9DFD00B97D14 /* Base */,
			);
			name = Main.storyboard;
			sourceTree = "<group>";
		};
		53D98E32234B9DFE00B97D14 /* LaunchScreen.storyboard */ = {
			isa = PBXVariantGroup;
			children = (
				53D98E33234B9DFE00B97D14 /* Base */,
			);
			name = LaunchScreen.storyboard;
			sourceTree = "<group>";
		};
/* End PBXVariantGroup section */

/* Begin XCBuildConfiguration section */
		53D98E4C234B9DFF00B97D14 /* Debug */ = {
			isa = XCBuildConfiguration;
			buildSettings = {
				ALWAYS_SEARCH_USER_PATHS = NO;
				CLANG_ANALYZER_NONNULL = YES;
				CLANG_ANALYZER_NUMBER_OBJECT_CONVERSION = YES_AGGRESSIVE;
				CLANG_CXX_LANGUAGE_STANDARD = "gnu++14";
				CLANG_CXX_LIBRARY = "libc++";
				CLANG_ENABLE_MODULES = YES;
				CLANG_ENABLE_OBJC_ARC = YES;
				CLANG_ENABLE_OBJC_WEAK = YES;
				CLANG_WARN_BLOCK_CAPTURE_AUTORELEASING = YES;
				CLANG_WARN_BOOL_CONVERSION = YES;
				CLANG_WARN_COMMA = YES;
				CLANG_WARN_CONSTANT_CONVERSION = YES;
				CLANG_WARN_DEPRECATED_OBJC_IMPLEMENTATIONS = YES;
				CLANG_WARN_DIRECT_OBJC_ISA_USAGE = YES_ERROR;
				CLANG_WARN_DOCUMENTATION_COMMENTS = YES;
				CLANG_WARN_EMPTY_BODY = YES;
				CLANG_WARN_ENUM_CONVERSION = YES;
				CLANG_WARN_INFINITE_RECURSION = YES;
				CLANG_WARN_INT_CONVERSION = YES;
				CLANG_WARN_NON_LITERAL_NULL_CONVERSION = YES;
				CLANG_WARN_OBJC_IMPLICIT_RETAIN_SELF = YES;
				CLANG_WARN_OBJC_LITERAL_CONVERSION = YES;
				CLANG_WARN_OBJC_ROOT_CLASS = YES_ERROR;
				CLANG_WARN_RANGE_LOOP_ANALYSIS = YES;
				CLANG_WARN_STRICT_PROTOTYPES = YES;
				CLANG_WARN_SUSPICIOUS_MOVE = YES;
				CLANG_WARN_UNGUARDED_AVAILABILITY = YES_AGGRESSIVE;
				CLANG_WARN_UNREACHABLE_CODE = YES;
				CLANG_WARN__DUPLICATE_METHOD_MATCH = YES;
				CODE_SIGN_IDENTITY = "iPhone Developer";
				COPY_PHASE_STRIP = NO;
				DEBUG_INFORMATION_FORMAT = dwarf;
				ENABLE_STRICT_OBJC_MSGSEND = YES;
				ENABLE_TESTABILITY = YES;
				GCC_C_LANGUAGE_STANDARD = gnu11;
				GCC_DYNAMIC_NO_PIC = NO;
				GCC_NO_COMMON_BLOCKS = YES;
				GCC_OPTIMIZATION_LEVEL = 0;
				GCC_PREPROCESSOR_DEFINITIONS = (
					"DEBUG=1",
					"$(inherited)",
				);
				GCC_WARN_64_TO_32_BIT_CONVERSION = YES;
				GCC_WARN_ABOUT_RETURN_TYPE = YES_ERROR;
				GCC_WARN_UNDECLARED_SELECTOR = YES;
				GCC_WARN_UNINITIALIZED_AUTOS = YES_AGGRESSIVE;
				GCC_WARN_UNUSED_FUNCTION = YES;
				GCC_WARN_UNUSED_VARIABLE = YES;
				IPHONEOS_DEPLOYMENT_TARGET = 11.4;
				MTL_ENABLE_DEBUG_INFO = YES;
				ONLY_ACTIVE_ARCH = YES;
				SDKROOT = iphoneos;
				SWIFT_ACTIVE_COMPILATION_CONDITIONS = DEBUG;
				SWIFT_OPTIMIZATION_LEVEL = "-Onone";
			};
			name = Debug;
		};
		53D98E4D234B9DFF00B97D14 /* Release */ = {
			isa = XCBuildConfiguration;
			buildSettings = {
				ALWAYS_SEARCH_USER_PATHS = NO;
				CLANG_ANALYZER_NONNULL = YES;
				CLANG_ANALYZER_NUMBER_OBJECT_CONVERSION = YES_AGGRESSIVE;
				CLANG_CXX_LANGUAGE_STANDARD = "gnu++14";
				CLANG_CXX_LIBRARY = "libc++";
				CLANG_ENABLE_MODULES = YES;
				CLANG_ENABLE_OBJC_ARC = YES;
				CLANG_ENABLE_OBJC_WEAK = YES;
				CLANG_WARN_BLOCK_CAPTURE_AUTORELEASING = YES;
				CLANG_WARN_BOOL_CONVERSION = YES;
				CLANG_WARN_COMMA = YES;
				CLANG_WARN_CONSTANT_CONVERSION = YES;
				CLANG_WARN_DEPRECATED_OBJC_IMPLEMENTATIONS = YES;
				CLANG_WARN_DIRECT_OBJC_ISA_USAGE = YES_ERROR;
				CLANG_WARN_DOCUMENTATION_COMMENTS = YES;
				CLANG_WARN_EMPTY_BODY = YES;
				CLANG_WARN_ENUM_CONVERSION = YES;
				CLANG_WARN_INFINITE_RECURSION = YES;
				CLANG_WARN_INT_CONVERSION = YES;
				CLANG_WARN_NON_LITERAL_NULL_CONVERSION = YES;
				CLANG_WARN_OBJC_IMPLICIT_RETAIN_SELF = YES;
				CLANG_WARN_OBJC_LITERAL_CONVERSION = YES;
				CLANG_WARN_OBJC_ROOT_CLASS = YES_ERROR;
				CLANG_WARN_RANGE_LOOP_ANALYSIS = YES;
				CLANG_WARN_STRICT_PROTOTYPES = YES;
				CLANG_WARN_SUSPICIOUS_MOVE = YES;
				CLANG_WARN_UNGUARDED_AVAILABILITY = YES_AGGRESSIVE;
				CLANG_WARN_UNREACHABLE_CODE = YES;
				CLANG_WARN__DUPLICATE_METHOD_MATCH = YES;
				CODE_SIGN_IDENTITY = "iPhone Developer";
				COPY_PHASE_STRIP = NO;
				DEBUG_INFORMATION_FORMAT = "dwarf-with-dsym";
				ENABLE_NS_ASSERTIONS = NO;
				ENABLE_STRICT_OBJC_MSGSEND = YES;
				GCC_C_LANGUAGE_STANDARD = gnu11;
				GCC_NO_COMMON_BLOCKS = YES;
				GCC_WARN_64_TO_32_BIT_CONVERSION = YES;
				GCC_WARN_ABOUT_RETURN_TYPE = YES_ERROR;
				GCC_WARN_UNDECLARED_SELECTOR = YES;
				GCC_WARN_UNINITIALIZED_AUTOS = YES_AGGRESSIVE;
				GCC_WARN_UNUSED_FUNCTION = YES;
				GCC_WARN_UNUSED_VARIABLE = YES;
				IPHONEOS_DEPLOYMENT_TARGET = 11.4;
				MTL_ENABLE_DEBUG_INFO = NO;
				SDKROOT = iphoneos;
				SWIFT_COMPILATION_MODE = wholemodule;
				SWIFT_OPTIMIZATION_LEVEL = "-O";
				VALIDATE_PRODUCT = YES;
			};
			name = Release;
		};
		53D98E4F234B9DFF00B97D14 /* Debug */ = {
			isa = XCBuildConfiguration;
			buildSettings = {
				ASSETCATALOG_COMPILER_APPICON_NAME = AppIcon;
				CODE_SIGN_STYLE = Automatic;
				INFOPLIST_FILE = FizzBuzz/Info.plist;
				LD_RUNPATH_SEARCH_PATHS = (
					"$(inherited)",
					"@executable_path/Frameworks",
				);
				PRODUCT_BUNDLE_IDENTIFIER = JMC.FizzBuzz;
				PRODUCT_NAME = "$(TARGET_NAME)";
				SWIFT_VERSION = 4.0;
				TARGETED_DEVICE_FAMILY = "1,2";
			};
			name = Debug;
		};
		53D98E50234B9DFF00B97D14 /* Release */ = {
			isa = XCBuildConfiguration;
			buildSettings = {
				ASSETCATALOG_COMPILER_APPICON_NAME = AppIcon;
				CODE_SIGN_STYLE = Automatic;
				INFOPLIST_FILE = FizzBuzz/Info.plist;
				LD_RUNPATH_SEARCH_PATHS = (
					"$(inherited)",
					"@executable_path/Frameworks",
				);
				PRODUCT_BUNDLE_IDENTIFIER = JMC.FizzBuzz;
				PRODUCT_NAME = "$(TARGET_NAME)";
				SWIFT_VERSION = 4.0;
				TARGETED_DEVICE_FAMILY = "1,2";
			};
			name = Release;
		};
		53D98E52234B9DFF00B97D14 /* Debug */ = {
			isa = XCBuildConfiguration;
			buildSettings = {
				ALWAYS_EMBED_SWIFT_STANDARD_LIBRARIES = YES;
				BUNDLE_LOADER = "$(TEST_HOST)";
				CODE_SIGN_STYLE = Automatic;
				INFOPLIST_FILE = FizzBuzzTests/Info.plist;
				LD_RUNPATH_SEARCH_PATHS = (
					"$(inherited)",
					"@executable_path/Frameworks",
					"@loader_path/Frameworks",
				);
				PRODUCT_BUNDLE_IDENTIFIER = JMC.FizzBuzzTests;
				PRODUCT_NAME = "$(TARGET_NAME)";
				SWIFT_VERSION = 4.0;
				TARGETED_DEVICE_FAMILY = "1,2";
				TEST_HOST = "$(BUILT_PRODUCTS_DIR)/FizzBuzz.app/FizzBuzz";
			};
			name = Debug;
		};
		53D98E53234B9DFF00B97D14 /* Release */ = {
			isa = XCBuildConfiguration;
			buildSettings = {
				ALWAYS_EMBED_SWIFT_STANDARD_LIBRARIES = YES;
				BUNDLE_LOADER = "$(TEST_HOST)";
				CODE_SIGN_STYLE = Automatic;
				INFOPLIST_FILE = FizzBuzzTests/Info.plist;
				LD_RUNPATH_SEARCH_PATHS = (
					"$(inherited)",
					"@executable_path/Frameworks",
					"@loader_path/Frameworks",
				);
				PRODUCT_BUNDLE_IDENTIFIER = JMC.FizzBuzzTests;
				PRODUCT_NAME = "$(TARGET_NAME)";
				SWIFT_VERSION = 4.0;
				TARGETED_DEVICE_FAMILY = "1,2";
				TEST_HOST = "$(BUILT_PRODUCTS_DIR)/FizzBuzz.app/FizzBuzz";
			};
			name = Release;
		};
		53D98E55234B9DFF00B97D14 /* Debug */ = {
			isa = XCBuildConfiguration;
			buildSettings = {
				ALWAYS_EMBED_SWIFT_STANDARD_LIBRARIES = YES;
				CODE_SIGN_STYLE = Automatic;
				INFOPLIST_FILE = FizzBuzzUITests/Info.plist;
				LD_RUNPATH_SEARCH_PATHS = (
					"$(inherited)",
					"@executable_path/Frameworks",
					"@loader_path/Frameworks",
				);
				PRODUCT_BUNDLE_IDENTIFIER = JMC.FizzBuzzUITests;
				PRODUCT_NAME = "$(TARGET_NAME)";
				SWIFT_VERSION = 4.0;
				TARGETED_DEVICE_FAMILY = "1,2";
				TEST_TARGET_NAME = FizzBuzz;
			};
			name = Debug;
		};
		53D98E56234B9DFF00B97D14 /* Release */ = {
			isa = XCBuildConfiguration;
			buildSettings = {
				ALWAYS_EMBED_SWIFT_STANDARD_LIBRARIES = YES;
				CODE_SIGN_STYLE = Automatic;
				INFOPLIST_FILE = FizzBuzzUITests/Info.plist;
				LD_RUNPATH_SEARCH_PATHS = (
					"$(inherited)",
					"@executable_path/Frameworks",
					"@loader_path/Frameworks",
				);
				PRODUCT_BUNDLE_IDENTIFIER = JMC.FizzBuzzUITests;
				PRODUCT_NAME = "$(TARGET_NAME)";
				SWIFT_VERSION = 4.0;
				TARGETED_DEVICE_FAMILY = "1,2";
				TEST_TARGET_NAME = FizzBuzz;
			};
			name = Release;
		};
/* End XCBuildConfiguration section */

/* Begin XCConfigurationList section */
		53D98E21234B9DFD00B97D14 /* Build configuration list for PBXProject "FizzBuzz" */ = {
			isa = XCConfigurationList;
			buildConfigurations = (
				53D98E4C234B9DFF00B97D14 /* Debug */,
				53D98E4D234B9DFF00B97D14 /* Release */,
			);
			defaultConfigurationIsVisible = 0;
			defaultConfigurationName = Release;
		};
		53D98E4E234B9DFF00B97D14 /* Build configuration list for PBXNativeTarget "FizzBuzz" */ = {
			isa = XCConfigurationList;
			buildConfigurations = (
				53D98E4F234B9DFF00B97D14 /* Debug */,
				53D98E50234B9DFF00B97D14 /* Release */,
			);
			defaultConfigurationIsVisible = 0;
			defaultConfigurationName = Release;
		};
		53D98E51234B9DFF00B97D14 /* Build configuration list for PBXNativeTarget "FizzBuzzTests" */ = {
			isa = XCConfigurationList;
			buildConfigurations = (
				53D98E52234B9DFF00B97D14 /* Debug */,
				53D98E53234B9DFF00B97D14 /* Release */,
			);
			defaultConfigurationIsVisible = 0;
			defaultConfigurationName = Release;
		};
		53D98E54234B9DFF00B97D14 /* Build configuration list for PBXNativeTarget "FizzBuzzUITests" */ = {
			isa = XCConfigurationList;
			buildConfigurations = (
				53D98E55234B9DFF00B97D14 /* Debug */,
				53D98E56234B9DFF00B97D14 /* Release */,
			);
			defaultConfigurationIsVisible = 0;
			defaultConfigurationName = Release;
		};
/* End XCConfigurationList section */
	};
	rootObject = 53D98E1E234B9DFD00B97D14 /* Project object */;
}
